
Microsoft Visual Studio Solution File, Format Version 12.00
# Visual Studio Version 17
VisualStudioVersion = 17.13.35919.96 d17.13
MinimumVisualStudioVersion = 10.0.40219.1
Project("{FAE04EC0-301F-11D3-BF4B-00C04F79EFBC}") = "20.2Chain", "20.2Chain.csproj", "{005A28C2-9334-415F-A6FE-69A9602E128E}"
EndProject
Global
	GlobalSection(SolutionConfigurationPlatforms) = preSolution
		Debug|Any CPU = Debug|Any CPU
		Release|Any CPU = Release|Any CPU
	EndGlobalSection
	GlobalSection(ProjectConfigurationPlatforms) = postSolution
		{005A28C2-9334-415F-A6FE-69A9602E128E}.Debug|Any CPU.ActiveCfg = Debug|Any CPU
		{005A28C2-9334-415F-A6FE-69A9602E128E}.Debug|Any CPU.Build.0 = Debug|Any CPU
		{005A28C2-9334-415F-A6FE-69A9602E128E}.Release|Any CPU.ActiveCfg = Release|Any CPU
		{005A28C2-9334-415F-A6FE-69A9602E128E}.Release|Any CPU.Build.0 = Release|Any CPU
	EndGlobalSection
	GlobalSection(SolutionProperties) = preSolution
		HideSolutionNode = FALSE
	EndGlobalSection
	GlobalSection(ExtensibilityGlobals) = postSolution
		SolutionGuid = {9C7C999F-FC5A-495C-B55C-823BAA259C51}
	EndGlobalSection
EndGlobal
