
Microsoft Visual Studio Solution File, Format Version 12.00
# Visual Studio Version 17
VisualStudioVersion = 17.13.35825.156 d17.13
MinimumVisualStudioVersion = 10.0.40219.1
Project("{FAE04EC0-301F-11D3-BF4B-00C04F79EFBC}") = "ObjectConsole2", "ObjectConsole2.csproj", "{8DAE09E1-289F-4AC8-A75D-E1ABAEF6BFE6}"
EndProject
Global
	GlobalSection(SolutionConfigurationPlatforms) = preSolution
		Debug|Any CPU = Debug|Any CPU
		Release|Any CPU = Release|Any CPU
	EndGlobalSection
	GlobalSection(ProjectConfigurationPlatforms) = postSolution
		{8DAE09E1-289F-4AC8-A75D-E1ABAEF6BFE6}.Debug|Any CPU.ActiveCfg = Debug|Any CPU
		{8DAE09E1-289F-4AC8-A75D-E1ABAEF6BFE6}.Debug|Any CPU.Build.0 = Debug|Any CPU
		{8DAE09E1-289F-4AC8-A75D-E1ABAEF6BFE6}.Release|Any CPU.ActiveCfg = Release|Any CPU
		{8DAE09E1-289F-4AC8-A75D-E1ABAEF6BFE6}.Release|Any CPU.Build.0 = Release|Any CPU
	EndGlobalSection
	GlobalSection(SolutionProperties) = preSolution
		HideSolutionNode = FALSE
	EndGlobalSection
	GlobalSection(ExtensibilityGlobals) = postSolution
		SolutionGuid = {C673DE4A-4C5E-4EBF-8CF3-3B62B6943D44}
	EndGlobalSection
EndGlobal
