
Microsoft Visual Studio Solution File, Format Version 12.00
# Visual Studio Version 17
VisualStudioVersion = 17.13.35919.96 d17.13
MinimumVisualStudioVersion = 10.0.40219.1
Project("{FAE04EC0-301F-11D3-BF4B-00C04F79EFBC}") = "24.List", "24.List.csproj", "{5543D55F-6015-4C3D-8609-C84AB1901ADF}"
EndProject
Global
	GlobalSection(SolutionConfigurationPlatforms) = preSolution
		Debug|Any CPU = Debug|Any CPU
		Release|Any CPU = Release|Any CPU
	EndGlobalSection
	GlobalSection(ProjectConfigurationPlatforms) = postSolution
		{5543D55F-6015-4C3D-8609-C84AB1901ADF}.Debug|Any CPU.ActiveCfg = Debug|Any CPU
		{5543D55F-6015-4C3D-8609-C84AB1901ADF}.Debug|Any CPU.Build.0 = Debug|Any CPU
		{5543D55F-6015-4C3D-8609-C84AB1901ADF}.Release|Any CPU.ActiveCfg = Release|Any CPU
		{5543D55F-6015-4C3D-8609-C84AB1901ADF}.Release|Any CPU.Build.0 = Release|Any CPU
	EndGlobalSection
	GlobalSection(SolutionProperties) = preSolution
		HideSolutionNode = FALSE
	EndGlobalSection
	GlobalSection(ExtensibilityGlobals) = postSolution
		SolutionGuid = {B7A2BE05-FCBD-4563-8CB4-A4D8186D793F}
	EndGlobalSection
EndGlobal
