
Microsoft Visual Studio Solution File, Format Version 12.00
# Visual Studio Version 17
VisualStudioVersion = 17.13.35825.156 d17.13
MinimumVisualStudioVersion = 10.0.40219.1
Project("{FAE04EC0-301F-11D3-BF4B-00C04F79EFBC}") = "ClassPosition", "ClassPosition.csproj", "{37432841-FB7B-4D83-8CCE-AAAC6CB852C6}"
EndProject
Global
	GlobalSection(SolutionConfigurationPlatforms) = preSolution
		Debug|Any CPU = Debug|Any CPU
		Release|Any CPU = Release|Any CPU
	EndGlobalSection
	GlobalSection(ProjectConfigurationPlatforms) = postSolution
		{37432841-FB7B-4D83-8CCE-AAAC6CB852C6}.Debug|Any CPU.ActiveCfg = Debug|Any CPU
		{37432841-FB7B-4D83-8CCE-AAAC6CB852C6}.Debug|Any CPU.Build.0 = Debug|Any CPU
		{37432841-FB7B-4D83-8CCE-AAAC6CB852C6}.Release|Any CPU.ActiveCfg = Release|Any CPU
		{37432841-FB7B-4D83-8CCE-AAAC6CB852C6}.Release|Any CPU.Build.0 = Release|Any CPU
	EndGlobalSection
	GlobalSection(SolutionProperties) = preSolution
		HideSolutionNode = FALSE
	EndGlobalSection
	GlobalSection(ExtensibilityGlobals) = postSolution
		SolutionGuid = {920E9CE1-A23E-4476-BBD5-6C5BCEDFE0F7}
	EndGlobalSection
EndGlobal
