
Microsoft Visual Studio Solution File, Format Version 12.00
# Visual Studio Version 17
VisualStudioVersion = 17.13.35919.96 d17.13
MinimumVisualStudioVersion = 10.0.40219.1
Project("{FAE04EC0-301F-11D3-BF4B-00C04F79EFBC}") = "35.Builder", "35.Builder\35.Builder.csproj", "{61499460-5260-4417-ACE9-7A6026338DB4}"
EndProject
Global
	GlobalSection(SolutionConfigurationPlatforms) = preSolution
		Debug|Any CPU = Debug|Any CPU
		Release|Any CPU = Release|Any CPU
	EndGlobalSection
	GlobalSection(ProjectConfigurationPlatforms) = postSolution
		{61499460-5260-4417-ACE9-7A6026338DB4}.Debug|Any CPU.ActiveCfg = Debug|Any CPU
		{61499460-5260-4417-ACE9-7A6026338DB4}.Debug|Any CPU.Build.0 = Debug|Any CPU
		{61499460-5260-4417-ACE9-7A6026338DB4}.Release|Any CPU.ActiveCfg = Release|Any CPU
		{61499460-5260-4417-ACE9-7A6026338DB4}.Release|Any CPU.Build.0 = Release|Any CPU
	EndGlobalSection
	GlobalSection(SolutionProperties) = preSolution
		HideSolutionNode = FALSE
	EndGlobalSection
	GlobalSection(ExtensibilityGlobals) = postSolution
		SolutionGuid = {6EEB7A7A-54EC-4076-A429-AE29885177B4}
	EndGlobalSection
EndGlobal
