
Microsoft Visual Studio Solution File, Format Version 12.00
# Visual Studio Version 17
VisualStudioVersion = 17.13.35919.96 d17.13
MinimumVisualStudioVersion = 10.0.40219.1
Project("{FAE04EC0-301F-11D3-BF4B-00C04F79EFBC}") = "31.Recursion", "31.Recursion.csproj", "{DCF53F9E-0EF9-4916-B639-BAA06F86C75E}"
EndProject
Global
	GlobalSection(SolutionConfigurationPlatforms) = preSolution
		Debug|Any CPU = Debug|Any CPU
		Release|Any CPU = Release|Any CPU
	EndGlobalSection
	GlobalSection(ProjectConfigurationPlatforms) = postSolution
		{DCF53F9E-0EF9-4916-B639-BAA06F86C75E}.Debug|Any CPU.ActiveCfg = Debug|Any CPU
		{DCF53F9E-0EF9-4916-B639-BAA06F86C75E}.Debug|Any CPU.Build.0 = Debug|Any CPU
		{DCF53F9E-0EF9-4916-B639-BAA06F86C75E}.Release|Any CPU.ActiveCfg = Release|Any CPU
		{DCF53F9E-0EF9-4916-B639-BAA06F86C75E}.Release|Any CPU.Build.0 = Release|Any CPU
	EndGlobalSection
	GlobalSection(SolutionProperties) = preSolution
		HideSolutionNode = FALSE
	EndGlobalSection
	GlobalSection(ExtensibilityGlobals) = postSolution
		SolutionGuid = {68F5F8BD-ADA9-4B49-A223-B2629BD08665}
	EndGlobalSection
EndGlobal
