
Microsoft Visual Studio Solution File, Format Version 12.00
# Visual Studio Version 17
VisualStudioVersion = 17.13.35919.96 d17.13
MinimumVisualStudioVersion = 10.0.40219.1
Project("{FAE04EC0-301F-11D3-BF4B-00C04F79EFBC}") = "0331.Practice", "0331.Practice.csproj", "{7A5EAEEB-55E1-456B-86E6-A932EF084DFA}"
EndProject
Global
	GlobalSection(SolutionConfigurationPlatforms) = preSolution
		Debug|Any CPU = Debug|Any CPU
		Release|Any CPU = Release|Any CPU
	EndGlobalSection
	GlobalSection(ProjectConfigurationPlatforms) = postSolution
		{7A5EAEEB-55E1-456B-86E6-A932EF084DFA}.Debug|Any CPU.ActiveCfg = Debug|Any CPU
		{7A5EAEEB-55E1-456B-86E6-A932EF084DFA}.Debug|Any CPU.Build.0 = Debug|Any CPU
		{7A5EAEEB-55E1-456B-86E6-A932EF084DFA}.Release|Any CPU.ActiveCfg = Release|Any CPU
		{7A5EAEEB-55E1-456B-86E6-A932EF084DFA}.Release|Any CPU.Build.0 = Release|Any CPU
	EndGlobalSection
	GlobalSection(SolutionProperties) = preSolution
		HideSolutionNode = FALSE
	EndGlobalSection
	GlobalSection(ExtensibilityGlobals) = postSolution
		SolutionGuid = {1C657EE1-82D0-463F-BF48-CE1AFC0CD64D}
	EndGlobalSection
EndGlobal
