
Microsoft Visual Studio Solution File, Format Version 12.00
# Visual Studio Version 17
VisualStudioVersion = 17.13.35919.96 d17.13
MinimumVisualStudioVersion = 10.0.40219.1
Project("{FAE04EC0-301F-11D3-BF4B-00C04F79EFBC}") = "0330.Practice", "0330.Practice.csproj", "{33771A8A-1182-44EF-92DB-2A29FC8FCDBB}"
EndProject
Global
	GlobalSection(SolutionConfigurationPlatforms) = preSolution
		Debug|Any CPU = Debug|Any CPU
		Release|Any CPU = Release|Any CPU
	EndGlobalSection
	GlobalSection(ProjectConfigurationPlatforms) = postSolution
		{33771A8A-1182-44EF-92DB-2A29FC8FCDBB}.Debug|Any CPU.ActiveCfg = Debug|Any CPU
		{33771A8A-1182-44EF-92DB-2A29FC8FCDBB}.Debug|Any CPU.Build.0 = Debug|Any CPU
		{33771A8A-1182-44EF-92DB-2A29FC8FCDBB}.Release|Any CPU.ActiveCfg = Release|Any CPU
		{33771A8A-1182-44EF-92DB-2A29FC8FCDBB}.Release|Any CPU.Build.0 = Release|Any CPU
	EndGlobalSection
	GlobalSection(SolutionProperties) = preSolution
		HideSolutionNode = FALSE
	EndGlobalSection
	GlobalSection(ExtensibilityGlobals) = postSolution
		SolutionGuid = {F9562EAA-53D5-4737-B982-028696C96C05}
	EndGlobalSection
EndGlobal
