
Microsoft Visual Studio Solution File, Format Version 12.00
# Visual Studio Version 17
VisualStudioVersion = 17.13.35919.96 d17.13
MinimumVisualStudioVersion = 10.0.40219.1
Project("{FAE04EC0-301F-11D3-BF4B-00C04F79EFBC}") = "22.3Nullable", "22.3Nullable.csproj", "{FF6BDA84-8596-4106-84D2-0E44ABE3CACE}"
EndProject
Global
	GlobalSection(SolutionConfigurationPlatforms) = preSolution
		Debug|Any CPU = Debug|Any CPU
		Release|Any CPU = Release|Any CPU
	EndGlobalSection
	GlobalSection(ProjectConfigurationPlatforms) = postSolution
		{FF6BDA84-8596-4106-84D2-0E44ABE3CACE}.Debug|Any CPU.ActiveCfg = Debug|Any CPU
		{FF6BDA84-8596-4106-84D2-0E44ABE3CACE}.Debug|Any CPU.Build.0 = Debug|Any CPU
		{FF6BDA84-8596-4106-84D2-0E44ABE3CACE}.Release|Any CPU.ActiveCfg = Release|Any CPU
		{FF6BDA84-8596-4106-84D2-0E44ABE3CACE}.Release|Any CPU.Build.0 = Release|Any CPU
	EndGlobalSection
	GlobalSection(SolutionProperties) = preSolution
		HideSolutionNode = FALSE
	EndGlobalSection
	GlobalSection(ExtensibilityGlobals) = postSolution
		SolutionGuid = {0D97D994-F9E9-494C-84AD-C09A41668ECD}
	EndGlobalSection
EndGlobal
