
Microsoft Visual Studio Solution File, Format Version 12.00
# Visual Studio Version 17
VisualStudioVersion = 17.13.35919.96 d17.13
MinimumVisualStudioVersion = 10.0.40219.1
Project("{FAE04EC0-301F-11D3-BF4B-00C04F79EFBC}") = "22.5OperatorOverLoading", "22.5OperatorOverLoading.csproj", "{18C10E27-EB2C-4BCE-89A9-1725E8E96139}"
EndProject
Global
	GlobalSection(SolutionConfigurationPlatforms) = preSolution
		Debug|Any CPU = Debug|Any CPU
		Release|Any CPU = Release|Any CPU
	EndGlobalSection
	GlobalSection(ProjectConfigurationPlatforms) = postSolution
		{18C10E27-EB2C-4BCE-89A9-1725E8E96139}.Debug|Any CPU.ActiveCfg = Debug|Any CPU
		{18C10E27-EB2C-4BCE-89A9-1725E8E96139}.Debug|Any CPU.Build.0 = Debug|Any CPU
		{18C10E27-EB2C-4BCE-89A9-1725E8E96139}.Release|Any CPU.ActiveCfg = Release|Any CPU
		{18C10E27-EB2C-4BCE-89A9-1725E8E96139}.Release|Any CPU.Build.0 = Release|Any CPU
	EndGlobalSection
	GlobalSection(SolutionProperties) = preSolution
		HideSolutionNode = FALSE
	EndGlobalSection
	GlobalSection(ExtensibilityGlobals) = postSolution
		SolutionGuid = {58F69D26-0707-416A-A136-C1820F5DFB1C}
	EndGlobalSection
EndGlobal
