
Microsoft Visual Studio Solution File, Format Version 12.00
# Visual Studio Version 17
VisualStudioVersion = 17.13.35919.96 d17.13
MinimumVisualStudioVersion = 10.0.40219.1
Project("{FAE04EC0-301F-11D3-BF4B-00C04F79EFBC}") = "26.Stack", "26.Stack.csproj", "{2431D90F-979D-4B58-BA93-AE1EA9B39BA1}"
EndProject
Global
	GlobalSection(SolutionConfigurationPlatforms) = preSolution
		Debug|Any CPU = Debug|Any CPU
		Release|Any CPU = Release|Any CPU
	EndGlobalSection
	GlobalSection(ProjectConfigurationPlatforms) = postSolution
		{2431D90F-979D-4B58-BA93-AE1EA9B39BA1}.Debug|Any CPU.ActiveCfg = Debug|Any CPU
		{2431D90F-979D-4B58-BA93-AE1EA9B39BA1}.Debug|Any CPU.Build.0 = Debug|Any CPU
		{2431D90F-979D-4B58-BA93-AE1EA9B39BA1}.Release|Any CPU.ActiveCfg = Release|Any CPU
		{2431D90F-979D-4B58-BA93-AE1EA9B39BA1}.Release|Any CPU.Build.0 = Release|Any CPU
	EndGlobalSection
	GlobalSection(SolutionProperties) = preSolution
		HideSolutionNode = FALSE
	EndGlobalSection
	GlobalSection(ExtensibilityGlobals) = postSolution
		SolutionGuid = {163C6389-F212-4F94-8E16-F4F6139D35D9}
	EndGlobalSection
EndGlobal
