
Microsoft Visual Studio Solution File, Format Version 12.00
# Visual Studio Version 17
VisualStudioVersion = 17.13.35825.156 d17.13
MinimumVisualStudioVersion = 10.0.40219.1
Project("{FAE04EC0-301F-11D3-BF4B-00C04F79EFBC}") = "17.Interface", "17.Interface.csproj", "{F38F635C-F79E-4074-9CD1-BE32C1D61B2B}"
EndProject
Global
	GlobalSection(SolutionConfigurationPlatforms) = preSolution
		Debug|Any CPU = Debug|Any CPU
		Release|Any CPU = Release|Any CPU
	EndGlobalSection
	GlobalSection(ProjectConfigurationPlatforms) = postSolution
		{F38F635C-F79E-4074-9CD1-BE32C1D61B2B}.Debug|Any CPU.ActiveCfg = Debug|Any CPU
		{F38F635C-F79E-4074-9CD1-BE32C1D61B2B}.Debug|Any CPU.Build.0 = Debug|Any CPU
		{F38F635C-F79E-4074-9CD1-BE32C1D61B2B}.Release|Any CPU.ActiveCfg = Release|Any CPU
		{F38F635C-F79E-4074-9CD1-BE32C1D61B2B}.Release|Any CPU.Build.0 = Release|Any CPU
	EndGlobalSection
	GlobalSection(SolutionProperties) = preSolution
		HideSolutionNode = FALSE
	EndGlobalSection
	GlobalSection(ExtensibilityGlobals) = postSolution
		SolutionGuid = {7AAFEB5D-EFB9-47F1-82DE-E5E27C2E826A}
	EndGlobalSection
EndGlobal
