
Microsoft Visual Studio Solution File, Format Version 12.00
# Visual Studio Version 17
VisualStudioVersion = 17.13.35825.156 d17.13
MinimumVisualStudioVersion = 10.0.40219.1
Project("{FAE04EC0-301F-11D3-BF4B-00C04F79EFBC}") = "ObjectConsole", "ObjectConsole.csproj", "{2CEE92CF-CCB4-4455-8C66-3216F1C2902A}"
EndProject
Global
	GlobalSection(SolutionConfigurationPlatforms) = preSolution
		Debug|Any CPU = Debug|Any CPU
		Release|Any CPU = Release|Any CPU
	EndGlobalSection
	GlobalSection(ProjectConfigurationPlatforms) = postSolution
		{2CEE92CF-CCB4-4455-8C66-3216F1C2902A}.Debug|Any CPU.ActiveCfg = Debug|Any CPU
		{2CEE92CF-CCB4-4455-8C66-3216F1C2902A}.Debug|Any CPU.Build.0 = Debug|Any CPU
		{2CEE92CF-CCB4-4455-8C66-3216F1C2902A}.Release|Any CPU.ActiveCfg = Release|Any CPU
		{2CEE92CF-CCB4-4455-8C66-3216F1C2902A}.Release|Any CPU.Build.0 = Release|Any CPU
	EndGlobalSection
	GlobalSection(SolutionProperties) = preSolution
		HideSolutionNode = FALSE
	EndGlobalSection
	GlobalSection(ExtensibilityGlobals) = postSolution
		SolutionGuid = {BCCFED0E-42DF-47E2-BC69-684A430A9F0C}
	EndGlobalSection
EndGlobal
