
Microsoft Visual Studio Solution File, Format Version 12.00
# Visual Studio Version 17
VisualStudioVersion = 17.13.35825.156 d17.13
MinimumVisualStudioVersion = 10.0.40219.1
Project("{FAE04EC0-301F-11D3-BF4B-00C04F79EFBC}") = "0326.Practice", "0326.Practice.csproj", "{4820A771-3D6A-4A36-B64E-0E174EEE1E98}"
EndProject
Global
	GlobalSection(SolutionConfigurationPlatforms) = preSolution
		Debug|Any CPU = Debug|Any CPU
		Release|Any CPU = Release|Any CPU
	EndGlobalSection
	GlobalSection(ProjectConfigurationPlatforms) = postSolution
		{4820A771-3D6A-4A36-B64E-0E174EEE1E98}.Debug|Any CPU.ActiveCfg = Debug|Any CPU
		{4820A771-3D6A-4A36-B64E-0E174EEE1E98}.Debug|Any CPU.Build.0 = Debug|Any CPU
		{4820A771-3D6A-4A36-B64E-0E174EEE1E98}.Release|Any CPU.ActiveCfg = Release|Any CPU
		{4820A771-3D6A-4A36-B64E-0E174EEE1E98}.Release|Any CPU.Build.0 = Release|Any CPU
	EndGlobalSection
	GlobalSection(SolutionProperties) = preSolution
		HideSolutionNode = FALSE
	EndGlobalSection
	GlobalSection(ExtensibilityGlobals) = postSolution
		SolutionGuid = {4312EC47-7748-4C9A-8E02-EF6E587E6D71}
	EndGlobalSection
EndGlobal
