
Microsoft Visual Studio Solution File, Format Version 12.00
# Visual Studio Version 17
VisualStudioVersion = 17.13.35919.96 d17.13
MinimumVisualStudioVersion = 10.0.40219.1
Project("{FAE04EC0-301F-11D3-BF4B-00C04F79EFBC}") = "0331.Practice2", "0331.Practice2.csproj", "{53B98A3C-E201-4534-9494-16FF7EA63F84}"
EndProject
Global
	GlobalSection(SolutionConfigurationPlatforms) = preSolution
		Debug|Any CPU = Debug|Any CPU
		Release|Any CPU = Release|Any CPU
	EndGlobalSection
	GlobalSection(ProjectConfigurationPlatforms) = postSolution
		{53B98A3C-E201-4534-9494-16FF7EA63F84}.Debug|Any CPU.ActiveCfg = Debug|Any CPU
		{53B98A3C-E201-4534-9494-16FF7EA63F84}.Debug|Any CPU.Build.0 = Debug|Any CPU
		{53B98A3C-E201-4534-9494-16FF7EA63F84}.Release|Any CPU.ActiveCfg = Release|Any CPU
		{53B98A3C-E201-4534-9494-16FF7EA63F84}.Release|Any CPU.Build.0 = Release|Any CPU
	EndGlobalSection
	GlobalSection(SolutionProperties) = preSolution
		HideSolutionNode = FALSE
	EndGlobalSection
	GlobalSection(ExtensibilityGlobals) = postSolution
		SolutionGuid = {80FB2016-F136-44CC-B61B-3C87736473FC}
	EndGlobalSection
EndGlobal
