
Microsoft Visual Studio Solution File, Format Version 12.00
# Visual Studio Version 17
VisualStudioVersion = 17.13.35919.96 d17.13
MinimumVisualStudioVersion = 10.0.40219.1
Project("{FAE04EC0-301F-11D3-BF4B-00C04F79EFBC}") = "22.6Indexer", "22.6Indexer.csproj", "{95BC3A11-7903-4C77-B0C8-A734D11EE5FA}"
EndProject
Global
	GlobalSection(SolutionConfigurationPlatforms) = preSolution
		Debug|Any CPU = Debug|Any CPU
		Release|Any CPU = Release|Any CPU
	EndGlobalSection
	GlobalSection(ProjectConfigurationPlatforms) = postSolution
		{95BC3A11-7903-4C77-B0C8-A734D11EE5FA}.Debug|Any CPU.ActiveCfg = Debug|Any CPU
		{95BC3A11-7903-4C77-B0C8-A734D11EE5FA}.Debug|Any CPU.Build.0 = Debug|Any CPU
		{95BC3A11-7903-4C77-B0C8-A734D11EE5FA}.Release|Any CPU.ActiveCfg = Release|Any CPU
		{95BC3A11-7903-4C77-B0C8-A734D11EE5FA}.Release|Any CPU.Build.0 = Release|Any CPU
	EndGlobalSection
	GlobalSection(SolutionProperties) = preSolution
		HideSolutionNode = FALSE
	EndGlobalSection
	GlobalSection(ExtensibilityGlobals) = postSolution
		SolutionGuid = {2FB5F0FC-C8C3-4BAF-8654-37CF2B0C7D57}
	EndGlobalSection
EndGlobal
