
Microsoft Visual Studio Solution File, Format Version 12.00
# Visual Studio Version 17
VisualStudioVersion = 17.13.35919.96 d17.13
MinimumVisualStudioVersion = 10.0.40219.1
Project("{FAE04EC0-301F-11D3-BF4B-00C04F79EFBC}") = "22.0.Additional Parameter", "22.0.Additional Parameter.csproj", "{5E05C19C-5A40-4B24-856B-A05C60FEFFED}"
EndProject
Global
	GlobalSection(SolutionConfigurationPlatforms) = preSolution
		Debug|Any CPU = Debug|Any CPU
		Release|Any CPU = Release|Any CPU
	EndGlobalSection
	GlobalSection(ProjectConfigurationPlatforms) = postSolution
		{5E05C19C-5A40-4B24-856B-A05C60FEFFED}.Debug|Any CPU.ActiveCfg = Debug|Any CPU
		{5E05C19C-5A40-4B24-856B-A05C60FEFFED}.Debug|Any CPU.Build.0 = Debug|Any CPU
		{5E05C19C-5A40-4B24-856B-A05C60FEFFED}.Release|Any CPU.ActiveCfg = Release|Any CPU
		{5E05C19C-5A40-4B24-856B-A05C60FEFFED}.Release|Any CPU.Build.0 = Release|Any CPU
	EndGlobalSection
	GlobalSection(SolutionProperties) = preSolution
		HideSolutionNode = FALSE
	EndGlobalSection
	GlobalSection(ExtensibilityGlobals) = postSolution
		SolutionGuid = {85EF096E-A668-4077-AE5C-31FA3396F89A}
	EndGlobalSection
EndGlobal
